// !$*UTF8*$!
{
	archiveVersion = 1;
	classes = {
	};
	objectVersion = 46;
	objects = {

/* Begin PBXBuildFile section */
		434140E719D66A5D00D9B3CD /* Foundation.framework in Frameworks */ = {isa = PBXBuildFile; fileRef = 434140E619D66A5D00D9B3CD /* Foundation.framework */; };
		434140E919D66A5D00D9B3CD /* CoreGraphics.framework in Frameworks */ = {isa = PBXBuildFile; fileRef = 434140E819D66A5D00D9B3CD /* CoreGraphics.framework */; };
		434140EB19D66A5D00D9B3CD /* UIKit.framework in Frameworks */ = {isa = PBXBuildFile; fileRef = 434140EA19D66A5D00D9B3CD /* UIKit.framework */; };
		434140F119D66A5D00D9B3CD /* InfoPlist.strings in Resources */ = {isa = PBXBuildFile; fileRef = 434140EF19D66A5D00D9B3CD /* InfoPlist.strings */; };
		434140F319D66A5D00D9B3CD /* main.m in Sources */ = {isa = PBXBuildFile; fileRef = 434140F219D66A5D00D9B3CD /* main.m */; };
		434140F719D66A5D00D9B3CD /* AppDelegate.m in Sources */ = {isa = PBXBuildFile; fileRef = 434140F619D66A5D00D9B3CD /* AppDelegate.m */; };
		434140FA19D66A5D00D9B3CD /* Main.storyboard in Resources */ = {isa = PBXBuildFile; fileRef = 434140F819D66A5D00D9B3CD /* Main.storyboard */; };
		434140FD19D66A5D00D9B3CD /* ViewController.m in Sources */ = {isa = PBXBuildFile; fileRef = 434140FC19D66A5D00D9B3CD /* ViewController.m */; };
		434140FF19D66A5D00D9B3CD /* Images.xcassets in Resources */ = {isa = PBXBuildFile; fileRef = 434140FE19D66A5D00D9B3CD /* Images.xcassets */; };
		4341410619D66A5E00D9B3CD /* XCTest.framework in Frameworks */ = {isa = PBXBuildFile; fileRef = 4341410519D66A5E00D9B3CD /* XCTest.framework */; };
		4341410719D66A5E00D9B3CD /* Foundation.framework in Frameworks */ = {isa = PBXBuildFile; fileRef = 434140E619D66A5D00D9B3CD /* Foundation.framework */; };
		4341410819D66A5E00D9B3CD /* UIKit.framework in Frameworks */ = {isa = PBXBuildFile; fileRef = 434140EA19D66A5D00D9B3CD /* UIKit.framework */; };
		4341411019D66A5E00D9B3CD /* InfoPlist.strings in Resources */ = {isa = PBXBuildFile; fileRef = 4341410E19D66A5E00D9B3CD /* InfoPlist.strings */; };
		4341411219D66A5E00D9B3CD /* SlideshowTests.m in Sources */ = {isa = PBXBuildFile; fileRef = 4341411119D66A5E00D9B3CD /* SlideshowTests.m */; };
		43B9B23519D674DD007BDDD2 /* federer1.jpg in Resources */ = {isa = PBXBuildFile; fileRef = 43B9B22F19D674DD007BDDD2 /* federer1.jpg */; };
		43B9B23619D674DD007BDDD2 /* federer2.jpg in Resources */ = {isa = PBXBuildFile; fileRef = 43B9B23019D674DD007BDDD2 /* federer2.jpg */; };
		43B9B23719D674DD007BDDD2 /* federer3.jpg in Resources */ = {isa = PBXBuildFile; fileRef = 43B9B23119D674DD007BDDD2 /* federer3.jpg */; };
		43B9B23819D674DD007BDDD2 /* federer4.jpg in Resources */ = {isa = PBXBuildFile; fileRef = 43B9B23219D674DD007BDDD2 /* federer4.jpg */; };
		43B9B23919D674DD007BDDD2 /* federer5.jpg in Resources */ = {isa = PBXBuildFile; fileRef = 43B9B23319D674DD007BDDD2 /* federer5.jpg */; };
		43B9B23A19D674DD007BDDD2 /* federer6.jpg in Resources */ = {isa = PBXBuildFile; fileRef = 43B9B23419D674DD007BDDD2 /* federer6.jpg */; };
/* End PBXBuildFile section */

/* Begin PBXContainerItemProxy section */
		4341410919D66A5E00D9B3CD /* PBXContainerItemProxy */ = {
			isa = PBXContainerItemProxy;
			containerPortal = 434140DB19D66A5D00D9B3CD /* Project object */;
			proxyType = 1;
			remoteGlobalIDString = 434140E219D66A5D00D9B3CD;
			remoteInfo = Slideshow;
		};
/* End PBXContainerItemProxy section */

/* Begin PBXFileReference section */
		434140E319D66A5D00D9B3CD /* Slideshow.app */ = {isa = PBXFileReference; explicitFileType = wrapper.application; includeInIndex = 0; path = Slideshow.app; sourceTree = BUILT_PRODUCTS_DIR; };
		434140E619D66A5D00D9B3CD /* Foundation.framework */ = {isa = PBXFileReference; lastKnownFileType = wrapper.framework; name = Foundation.framework; path = System/Library/Frameworks/Foundation.framework; sourceTree = SDKROOT; };
		434140E819D66A5D00D9B3CD /* CoreGraphics.framework */ = {isa = PBXFileReference; lastKnownFileType = wrapper.framework; name = CoreGraphics.framework; path = System/Library/Frameworks/CoreGraphics.framework; sourceTree = SDKROOT; };
		434140EA19D66A5D00D9B3CD /* UIKit.framework */ = {isa = PBXFileReference; lastKnownFileType = wrapper.framework; name = UIKit.framework; path = System/Library/Frameworks/UIKit.framework; sourceTree = SDKROOT; };
		434140EE19D66A5D00D9B3CD /* Slideshow-Info.plist */ = {isa = PBXFileReference; lastKnownFileType = text.plist.xml; path = "Slideshow-Info.plist"; sourceTree = "<group>"; };
		434140F019D66A5D00D9B3CD /* en */ = {isa = PBXFileReference; lastKnownFileType = text.plist.strings; name = en; path = en.lproj/InfoPlist.strings; sourceTree = "<group>"; };
		434140F219D66A5D00D9B3CD /* main.m */ = {isa = PBXFileReference; lastKnownFileType = sourcecode.c.objc; path = main.m; sourceTree = "<group>"; };
		434140F419D66A5D00D9B3CD /* Slideshow-Prefix.pch */ = {isa = PBXFileReference; lastKnownFileType = sourcecode.c.h; path = "Slideshow-Prefix.pch"; sourceTree = "<group>"; };
		434140F519D66A5D00D9B3CD /* AppDelegate.h */ = {isa = PBXFileReference; lastKnownFileType = sourcecode.c.h; path = AppDelegate.h; sourceTree = "<group>"; };
		434140F619D66A5D00D9B3CD /* AppDelegate.m */ = {isa = PBXFileReference; lastKnownFileType = sourcecode.c.objc; path = AppDelegate.m; sourceTree = "<group>"; };
		434140F919D66A5D00D9B3CD /* Base */ = {isa = PBXFileReference; lastKnownFileType = file.storyboard; name = Base; path = Base.lproj/Main.storyboard; sourceTree = "<group>"; };
		434140FB19D66A5D00D9B3CD /* ViewController.h */ = {isa = PBXFileReference; lastKnownFileType = sourcecode.c.h; path = ViewController.h; sourceTree = "<group>"; };
		434140FC19D66A5D00D9B3CD /* ViewController.m */ = {isa = PBXFileReference; lastKnownFileType = sourcecode.c.objc; path = ViewController.m; sourceTree = "<group>"; };
		434140FE19D66A5D00D9B3CD /* Images.xcassets */ = {isa = PBXFileReference; lastKnownFileType = folder.assetcatalog; path = Images.xcassets; sourceTree = "<group>"; };
		4341410419D66A5E00D9B3CD /* SlideshowTests.xctest */ = {isa = PBXFileReference; explicitFileType = wrapper.cfbundle; includeInIndex = 0; path = SlideshowTests.xctest; sourceTree = BUILT_PRODUCTS_DIR; };
		4341410519D66A5E00D9B3CD /* XCTest.framework */ = {isa = PBXFileReference; lastKnownFileType = wrapper.framework; name = XCTest.framework; path = Library/Frameworks/XCTest.framework; sourceTree = DEVELOPER_DIR; };
		4341410D19D66A5E00D9B3CD /* SlideshowTests-Info.plist */ = {isa = PBXFileReference; lastKnownFileType = text.plist.xml; path = "SlideshowTests-Info.plist"; sourceTree = "<group>"; };
		4341410F19D66A5E00D9B3CD /* en */ = {isa = PBXFileReference; lastKnownFileType = text.plist.strings; name = en; path = en.lproj/InfoPlist.strings; sourceTree = "<group>"; };
		4341411119D66A5E00D9B3CD /* SlideshowTests.m */ = {isa = PBXFileReference; lastKnownFileType = sourcecode.c.objc; path = SlideshowTests.m; sourceTree = "<group>"; };
		43B9B22F19D674DD007BDDD2 /* federer1.jpg */ = {isa = PBXFileReference; lastKnownFileType = image.jpeg; path = federer1.jpg; sourceTree = "<group>"; };
		43B9B23019D674DD007BDDD2 /* federer2.jpg */ = {isa = PBXFileReference; lastKnownFileType = image.jpeg; path = federer2.jpg; sourceTree = "<group>"; };
		43B9B23119D674DD007BDDD2 /* federer3.jpg */ = {isa = PBXFileReference; lastKnownFileType = image.jpeg; path = federer3.jpg; sourceTree = "<group>"; };
		43B9B23219D674DD007BDDD2 /* federer4.jpg */ = {isa = PBXFileReference; lastKnownFileType = image.jpeg; path = federer4.jpg; sourceTree = "<group>"; };
		43B9B23319D674DD007BDDD2 /* federer5.jpg */ = {isa = PBXFileReference; lastKnownFileType = image.jpeg; path = federer5.jpg; sourceTree = "<group>"; };
		43B9B23419D674DD007BDDD2 /* federer6.jpg */ = {isa = PBXFileReference; lastKnownFileType = image.jpeg; path = federer6.jpg; sourceTree = "<group>"; };
/* End PBXFileReference section */

/* Begin PBXFrameworksBuildPhase section */
		434140E019D66A5D00D9B3CD /* Frameworks */ = {
			isa = PBXFrameworksBuildPhase;
			buildActionMask = 2147483647;
			files = (
				434140E919D66A5D00D9B3CD /* CoreGraphics.framework in Frameworks */,
				434140EB19D66A5D00D9B3CD /* UIKit.framework in Frameworks */,
				434140E719D66A5D00D9B3CD /* Foundation.framework in Frameworks */,
			);
			runOnlyForDeploymentPostprocessing = 0;
		};
		4341410119D66A5E00D9B3CD /* Frameworks */ = {
			isa = PBXFrameworksBuildPhase;
			buildActionMask = 2147483647;
			files = (
				4341410619D66A5E00D9B3CD /* XCTest.framework in Frameworks */,
				4341410819D66A5E00D9B3CD /* UIKit.framework in Frameworks */,
				4341410719D66A5E00D9B3CD /* Foundation.framework in Frameworks */,
			);
			runOnlyForDeploymentPostprocessing = 0;
		};
/* End PBXFrameworksBuildPhase section */

/* Begin PBXGroup section */
		434140DA19D66A5D00D9B3CD = {
			isa = PBXGroup;
			children = (
				434140EC19D66A5D00D9B3CD /* Slideshow */,
				4341410B19D66A5E00D9B3CD /* SlideshowTests */,
				434140E519D66A5D00D9B3CD /* Frameworks */,
				434140E419D66A5D00D9B3CD /* Products */,
			);
			sourceTree = "<group>";
		};
		434140E419D66A5D00D9B3CD /* Products */ = {
			isa = PBXGroup;
			children = (
				434140E319D66A5D00D9B3CD /* Slideshow.app */,
				4341410419D66A5E00D9B3CD /* SlideshowTests.xctest */,
			);
			name = Products;
			sourceTree = "<group>";
		};
		434140E519D66A5D00D9B3CD /* Frameworks */ = {
			isa = PBXGroup;
			children = (
				434140E619D66A5D00D9B3CD /* Foundation.framework */,
				434140E819D66A5D00D9B3CD /* CoreGraphics.framework */,
				434140EA19D66A5D00D9B3CD /* UIKit.framework */,
				4341410519D66A5E00D9B3CD /* XCTest.framework */,
			);
			name = Frameworks;
			sourceTree = "<group>";
		};
		434140EC19D66A5D00D9B3CD /* Slideshow */ = {
			isa = PBXGroup;
			children = (
				434140F519D66A5D00D9B3CD /* AppDelegate.h */,
				434140F619D66A5D00D9B3CD /* AppDelegate.m */,
				434140F819D66A5D00D9B3CD /* Main.storyboard */,
				434140FB19D66A5D00D9B3CD /* ViewController.h */,
				434140FC19D66A5D00D9B3CD /* ViewController.m */,
				434140FE19D66A5D00D9B3CD /* Images.xcassets */,
				434140ED19D66A5D00D9B3CD /* Supporting Files */,
			);
			path = Slideshow;
			sourceTree = "<group>";
		};
		434140ED19D66A5D00D9B3CD /* Supporting Files */ = {
			isa = PBXGroup;
			children = (
				43B9B22F19D674DD007BDDD2 /* federer1.jpg */,
				43B9B23019D674DD007BDDD2 /* federer2.jpg */,
				43B9B23119D674DD007BDDD2 /* federer3.jpg */,
				43B9B23219D674DD007BDDD2 /* federer4.jpg */,
				43B9B23319D674DD007BDDD2 /* federer5.jpg */,
				43B9B23419D674DD007BDDD2 /* federer6.jpg */,
				434140EE19D66A5D00D9B3CD /* Slideshow-Info.plist */,
				434140EF19D66A5D00D9B3CD /* InfoPlist.strings */,
				434140F219D66A5D00D9B3CD /* main.m */,
				434140F419D66A5D00D9B3CD /* Slideshow-Prefix.pch */,
			);
			name = "Supporting Files";
			sourceTree = "<group>";
		};
		4341410B19D66A5E00D9B3CD /* SlideshowTests */ = {
			isa = PBXGroup;
			children = (
				4341411119D66A5E00D9B3CD /* SlideshowTests.m */,
				4341410C19D66A5E00D9B3CD /* Supporting Files */,
			);
			path = SlideshowTests;
			sourceTree = "<group>";
		};
		4341410C19D66A5E00D9B3CD /* Supporting Files */ = {
			isa = PBXGroup;
			children = (
				4341410D19D66A5E00D9B3CD /* SlideshowTests-Info.plist */,
				4341410E19D66A5E00D9B3CD /* InfoPlist.strings */,
			);
			name = "Supporting Files";
			sourceTree = "<group>";
		};
/* End PBXGroup section */

/* Begin PBXNativeTarget section */
		434140E219D66A5D00D9B3CD /* Slideshow */ = {
			isa = PBXNativeTarget;
			buildConfigurationList = 4341411519D66A5E00D9B3CD /* Build configuration list for PBXNativeTarget "Slideshow" */;
			buildPhases = (
				434140DF19D66A5D00D9B3CD /* Sources */,
				434140E019D66A5D00D9B3CD /* Frameworks */,
				434140E119D66A5D00D9B3CD /* Resources */,
			);
			buildRules = (
			);
			dependencies = (
			);
			name = Slideshow;
			productName = Slideshow;
			productReference = 434140E319D66A5D00D9B3CD /* Slideshow.app */;
			productType = "com.apple.product-type.application";
		};
		4341410319D66A5E00D9B3CD /* SlideshowTests */ = {
			isa = PBXNativeTarget;
			buildConfigurationList = 4341411819D66A5E00D9B3CD /* Build configuration list for PBXNativeTarget "SlideshowTests" */;
			buildPhases = (
				4341410019D66A5E00D9B3CD /* Sources */,
				4341410119D66A5E00D9B3CD /* Frameworks */,
				4341410219D66A5E00D9B3CD /* Resources */,
			);
			buildRules = (
			);
			dependencies = (
				4341410A19D66A5E00D9B3CD /* PBXTargetDependency */,
			);
			name = SlideshowTests;
			productName = SlideshowTests;
			productReference = 4341410419D66A5E00D9B3CD /* SlideshowTests.xctest */;
			productType = "com.apple.product-type.bundle.unit-test";
		};
/* End PBXNativeTarget section */

/* Begin PBXProject section */
		434140DB19D66A5D00D9B3CD /* Project object */ = {
			isa = PBXProject;
			attributes = {
				LastUpgradeCheck = 0510;
				ORGANIZATIONNAME = "Black Rail Capital";
				TargetAttributes = {
					4341410319D66A5E00D9B3CD = {
						TestTargetID = 434140E219D66A5D00D9B3CD;
					};
				};
			};
			buildConfigurationList = 434140DE19D66A5D00D9B3CD /* Build configuration list for PBXProject "Slideshow" */;
			compatibilityVersion = "Xcode 3.2";
			developmentRegion = English;
			hasScannedForEncodings = 0;
			knownRegions = (
				en,
				Base,
			);
			mainGroup = 434140DA19D66A5D00D9B3CD;
			productRefGroup = 434140E419D66A5D00D9B3CD /* Products */;
			projectDirPath = "";
			projectRoot = "";
			targets = (
				434140E219D66A5D00D9B3CD /* Slideshow */,
				4341410319D66A5E00D9B3CD /* SlideshowTests */,
			);
		};
/* End PBXProject section */

/* Begin PBXResourcesBuildPhase section */
		434140E119D66A5D00D9B3CD /* Resources */ = {
			isa = PBXResourcesBuildPhase;
			buildActionMask = 2147483647;
			files = (
				43B9B23819D674DD007BDDD2 /* federer4.jpg in Resources */,
				434140FF19D66A5D00D9B3CD /* Images.xcassets in Resources */,
				43B9B23519D674DD007BDDD2 /* federer1.jpg in Resources */,
				434140F119D66A5D00D9B3CD /* InfoPlist.strings in Resources */,
				43B9B23719D674DD007BDDD2 /* federer3.jpg in Resources */,
				43B9B23919D674DD007BDDD2 /* federer5.jpg in Resources */,
				43B9B23A19D674DD007BDDD2 /* federer6.jpg in Resources */,
				43B9B23619D674DD007BDDD2 /* federer2.jpg in Resources */,
				434140FA19D66A5D00D9B3CD /* Main.storyboard in Resources */,
			);
			runOnlyForDeploymentPostprocessing = 0;
		};
		4341410219D66A5E00D9B3CD /* Resources */ = {
			isa = PBXResourcesBuildPhase;
			buildActionMask = 2147483647;
			files = (
				4341411019D66A5E00D9B3CD /* InfoPlist.strings in Resources */,
			);
			runOnlyForDeploymentPostprocessing = 0;
		};
/* End PBXResourcesBuildPhase section */

/* Begin PBXSourcesBuildPhase section */
		434140DF19D66A5D00D9B3CD /* Sources */ = {
			isa = PBXSourcesBuildPhase;
			buildActionMask = 2147483647;
			files = (
				434140FD19D66A5D00D9B3CD /* ViewController.m in Sources */,
				434140F719D66A5D00D9B3CD /* AppDelegate.m in Sources */,
				434140F319D66A5D00D9B3CD /* main.m in Sources */,
			);
			runOnlyForDeploymentPostprocessing = 0;
		};
		4341410019D66A5E00D9B3CD /* Sources */ = {
			isa = PBXSourcesBuildPhase;
			buildActionMask = 2147483647;
			files = (
				4341411219D66A5E00D9B3CD /* SlideshowTests.m in Sources */,
			);
			runOnlyForDeploymentPostprocessing = 0;
		};
/* End PBXSourcesBuildPhase section */

/* Begin PBXTargetDependency section */
		4341410A19D66A5E00D9B3CD /* PBXTargetDependency */ = {
			isa = PBXTargetDependency;
			target = 434140E219D66A5D00D9B3CD /* Slideshow */;
			targetProxy = 4341410919D66A5E00D9B3CD /* PBXContainerItemProxy */;
		};
/* End PBXTargetDependency section */

/* Begin PBXVariantGroup section */
		434140EF19D66A5D00D9B3CD /* InfoPlist.strings */ = {
			isa = PBXVariantGroup;
			children = (
				434140F019D66A5D00D9B3CD /* en */,
			);
			name = InfoPlist.strings;
			sourceTree = "<group>";
		};
		434140F819D66A5D00D9B3CD /* Main.storyboard */ = {
			isa = PBXVariantGroup;
			children = (
				434140F919D66A5D00D9B3CD /* Base */,
			);
			name = Main.storyboard;
			sourceTree = "<group>";
		};
		4341410E19D66A5E00D9B3CD /* InfoPlist.strings */ = {
			isa = PBXVariantGroup;
			children = (
				4341410F19D66A5E00D9B3CD /* en */,
			);
			name = InfoPlist.strings;
			sourceTree = "<group>";
		};
/* End PBXVariantGroup section */

/* Begin XCBuildConfiguration section */
		4341411319D66A5E00D9B3CD /* Debug */ = {
			isa = XCBuildConfiguration;
			buildSettings = {
				ALWAYS_SEARCH_USER_PATHS = NO;
				CLANG_CXX_LANGUAGE_STANDARD = "gnu++0x";
				CLANG_CXX_LIBRARY = "libc++";
				CLANG_ENABLE_MODULES = YES;
				CLANG_ENABLE_OBJC_ARC = YES;
				CLANG_WARN_BOOL_CONVERSION = YES;
				CLANG_WARN_CONSTANT_CONVERSION = YES;
				CLANG_WARN_DIRECT_OBJC_ISA_USAGE = YES_ERROR;
				CLANG_WARN_EMPTY_BODY = YES;
				CLANG_WARN_ENUM_CONVERSION = YES;
				CLANG_WARN_INT_CONVERSION = YES;
				CLANG_WARN_OBJC_ROOT_CLASS = YES_ERROR;
				CLANG_WARN__DUPLICATE_METHOD_MATCH = YES;
				"CODE_SIGN_IDENTITY[sdk=iphoneos*]" = "iPhone Developer";
				COPY_PHASE_STRIP = NO;
				GCC_C_LANGUAGE_STANDARD = gnu99;
				GCC_DYNAMIC_NO_PIC = NO;
				GCC_OPTIMIZATION_LEVEL = 0;
				GCC_PREPROCESSOR_DEFINITIONS = (
					"DEBUG=1",
					"$(inherited)",
				);
				GCC_SYMBOLS_PRIVATE_EXTERN = NO;
				GCC_WARN_64_TO_32_BIT_CONVERSION = YES;
				GCC_WARN_ABOUT_RETURN_TYPE = YES_ERROR;
				GCC_WARN_UNDECLARED_SELECTOR = YES;
				GCC_WARN_UNINITIALIZED_AUTOS = YES_AGGRESSIVE;
				GCC_WARN_UNUSED_FUNCTION = YES;
				GCC_WARN_UNUSED_VARIABLE = YES;
				IPHONEOS_DEPLOYMENT_TARGET = 7.1;
				ONLY_ACTIVE_ARCH = YES;
				SDKROOT = iphoneos;
			};
			name = Debug;
		};
		4341411419D66A5E00D9B3CD /* Release */ = {
			isa = XCBuildConfiguration;
			buildSettings = {
				ALWAYS_SEARCH_USER_PATHS = NO;
				CLANG_CXX_LANGUAGE_STANDARD = "gnu++0x";
				CLANG_CXX_LIBRARY = "libc++";
				CLANG_ENABLE_MODULES = YES;
				CLANG_ENABLE_OBJC_ARC = YES;
				CLANG_WARN_BOOL_CONVERSION = YES;
				CLANG_WARN_CONSTANT_CONVERSION = YES;
				CLANG_WARN_DIRECT_OBJC_ISA_USAGE = YES_ERROR;
				CLANG_WARN_EMPTY_BODY = YES;
				CLANG_WARN_ENUM_CONVERSION = YES;
				CLANG_WARN_INT_CONVERSION = YES;
				CLANG_WARN_OBJC_ROOT_CLASS = YES_ERROR;
				CLANG_WARN__DUPLICATE_METHOD_MATCH = YES;
				"CODE_SIGN_IDENTITY[sdk=iphoneos*]" = "iPhone Developer";
				COPY_PHASE_STRIP = YES;
				ENABLE_NS_ASSERTIONS = NO;
				GCC_C_LANGUAGE_STANDARD = gnu99;
				GCC_WARN_64_TO_32_BIT_CONVERSION = YES;
				GCC_WARN_ABOUT_RETURN_TYPE = YES_ERROR;
				GCC_WARN_UNDECLARED_SELECTOR = YES;
				GCC_WARN_UNINITIALIZED_AUTOS = YES_AGGRESSIVE;
				GCC_WARN_UNUSED_FUNCTION = YES;
				GCC_WARN_UNUSED_VARIABLE = YES;
				IPHONEOS_DEPLOYMENT_TARGET = 7.1;
				SDKROOT = iphoneos;
				VALIDATE_PRODUCT = YES;
			};
			name = Release;
		};
		4341411619D66A5E00D9B3CD /* Debug */ = {
			isa = XCBuildConfiguration;
			buildSettings = {
				ASSETCATALOG_COMPILER_APPICON_NAME = AppIcon;
				ASSETCATALOG_COMPILER_LAUNCHIMAGE_NAME = LaunchImage;
				GCC_PRECOMPILE_PREFIX_HEADER = YES;
				GCC_PREFIX_HEADER = "Slideshow/Slideshow-Prefix.pch";
				INFOPLIST_FILE = "Slideshow/Slideshow-Info.plist";
				PRODUCT_NAME = "$(TARGET_NAME)";
				WRAPPER_EXTENSION = app;
			};
			name = Debug;
		};
		4341411719D66A5E00D9B3CD /* Release */ = {
			isa = XCBuildConfiguration;
			buildSettings = {
				ASSETCATALOG_COMPILER_APPICON_NAME = AppIcon;
				ASSETCATALOG_COMPILER_LAUNCHIMAGE_NAME = LaunchImage;
				GCC_PRECOMPILE_PREFIX_HEADER = YES;
				GCC_PREFIX_HEADER = "Slideshow/Slideshow-Prefix.pch";
				INFOPLIST_FILE = "Slideshow/Slideshow-Info.plist";
				PRODUCT_NAME = "$(TARGET_NAME)";
				WRAPPER_EXTENSION = app;
			};
			name = Release;
		};
		4341411919D66A5E00D9B3CD /* Debug */ = {
			isa = XCBuildConfiguration;
			buildSettings = {
				BUNDLE_LOADER = "$(BUILT_PRODUCTS_DIR)/Slideshow.app/Slideshow";
				FRAMEWORK_SEARCH_PATHS = (
					"$(SDKROOT)/Developer/Library/Frameworks",
					"$(inherited)",
					"$(DEVELOPER_FRAMEWORKS_DIR)",
				);
				GCC_PRECOMPILE_PREFIX_HEADER = YES;
				GCC_PREFIX_HEADER = "Slideshow/Slideshow-Prefix.pch";
				GCC_PREPROCESSOR_DEFINITIONS = (
					"DEBUG=1",
					"$(inherited)",
				);
				INFOPLIST_FILE = "SlideshowTests/SlideshowTests-Info.plist";
				PRODUCT_NAME = "$(TARGET_NAME)";
				TEST_HOST = "$(BUNDLE_LOADER)";
				WRAPPER_EXTENSION = xctest;
			};
			name = Debug;
		};
		4341411A19D66A5E00D9B3CD /* Release */ = {
			isa = XCBuildConfiguration;
			buildSettings = {
				BUNDLE_LOADER = "$(BUILT_PRODUCTS_DIR)/Slideshow.app/Slideshow";
				FRAMEWORK_SEARCH_PATHS = (
					"$(SDKROOT)/Developer/Library/Frameworks",
					"$(inherited)",
					"$(DEVELOPER_FRAMEWORKS_DIR)",
				);
				GCC_PRECOMPILE_PREFIX_HEADER = YES;
				GCC_PREFIX_HEADER = "Slideshow/Slideshow-Prefix.pch";
				INFOPLIST_FILE = "SlideshowTests/SlideshowTests-Info.plist";
				PRODUCT_NAME = "$(TARGET_NAME)";
				TEST_HOST = "$(BUNDLE_LOADER)";
				WRAPPER_EXTENSION = xctest;
			};
			name = Release;
		};
/* End XCBuildConfiguration section */

/* Begin XCConfigurationList section */
		434140DE19D66A5D00D9B3CD /* Build configuration list for PBXProject "Slideshow" */ = {
			isa = XCConfigurationList;
			buildConfigurations = (
				4341411319D66A5E00D9B3CD /* Debug */,
				4341411419D66A5E00D9B3CD /* Release */,
			);
			defaultConfigurationIsVisible = 0;
			defaultConfigurationName = Release;
		};
		4341411519D66A5E00D9B3CD /* Build configuration list for PBXNativeTarget "Slideshow" */ = {
			isa = XCConfigurationList;
			buildConfigurations = (
				4341411619D66A5E00D9B3CD /* Debug */,
				4341411719D66A5E00D9B3CD /* Release */,
			);
			defaultConfigurationIsVisible = 0;
			defaultConfigurationName = Release;
		};
		4341411819D66A5E00D9B3CD /* Build configuration list for PBXNativeTarget "SlideshowTests" */ = {
			isa = XCConfigurationList;
			buildConfigurations = (
				4341411919D66A5E00D9B3CD /* Debug */,
				4341411A19D66A5E00D9B3CD /* Release */,
			);
			defaultConfigurationIsVisible = 0;
			defaultConfigurationName = Release;
		};
/* End XCConfigurationList section */
	};
	rootObject = 434140DB19D66A5D00D9B3CD /* Project object */;
}
